// !$*UTF8*$!
{
	archiveVersion = 1;
	classes = {
	};
	objectVersion = 48;
	objects = {

/* Begin PBXBuildFile section */
		2F3478EE1F8EF71B002F335D /* NodelayTableView.swift in Sources */ = {isa = PBXBuildFile; fileRef = 2F3478ED1F8EF71B002F335D /* NodelayTableView.swift */; };
		2FAC80941F8DA63A007BB510 /* RepositoriesViewController.swift in Sources */ = {isa = PBXBuildFile; fileRef = 2FAC80931F8DA63A007BB510 /* RepositoriesViewController.swift */; };
		2FAC80961F8DAC0B007BB510 /* Repository.swift in Sources */ = {isa = PBXBuildFile; fileRef = 2FAC80951F8DAC0B007BB510 /* Repository.swift */; };
		2FAC80981F8DAE76007BB510 /* RepositoryTableViewCell.swift in Sources */ = {isa = PBXBuildFile; fileRef = 2FAC80971F8DAE76007BB510 /* RepositoryTableViewCell.swift */; };
		2FB4BAC21F8C9EB1003ACCB0 /* ApiParser.swift in Sources */ = {isa = PBXBuildFile; fileRef = 2FB4BAC11F8C9EB1003ACCB0 /* ApiParser.swift */; };
		2FB4BAC41F8CA43D003ACCB0 /* GithubAuth.swift in Sources */ = {isa = PBXBuildFile; fileRef = 2FB4BAC31F8CA43D003ACCB0 /* GithubAuth.swift */; };
		2FB4BAC71F8CB4BF003ACCB0 /* User.swift in Sources */ = {isa = PBXBuildFile; fileRef = 2FB4BAC61F8CB4BF003ACCB0 /* User.swift */; };
		2FC62E571F8C521300BA2D0D /* AppDelegate.swift in Sources */ = {isa = PBXBuildFile; fileRef = 2FC62E561F8C521300BA2D0D /* AppDelegate.swift */; };
		2FC62E591F8C521300BA2D0D /* ViewController.swift in Sources */ = {isa = PBXBuildFile; fileRef = 2FC62E581F8C521300BA2D0D /* ViewController.swift */; };
		2FC62E5C1F8C521300BA2D0D /* Main.storyboard in Resources */ = {isa = PBXBuildFile; fileRef = 2FC62E5A1F8C521300BA2D0D /* Main.storyboard */; };
		2FC62E5E1F8C521300BA2D0D /* Assets.xcassets in Resources */ = {isa = PBXBuildFile; fileRef = 2FC62E5D1F8C521300BA2D0D /* Assets.xcassets */; };
		2FC62E611F8C521300BA2D0D /* LaunchScreen.storyboard in Resources */ = {isa = PBXBuildFile; fileRef = 2FC62E5F1F8C521300BA2D0D /* LaunchScreen.storyboard */; };
		2FC62E6C1F8C521300BA2D0D /* MyGithubTests.swift in Sources */ = {isa = PBXBuildFile; fileRef = 2FC62E6B1F8C521300BA2D0D /* MyGithubTests.swift */; };
		2FC62E771F8C521300BA2D0D /* MyGithubUITests.swift in Sources */ = {isa = PBXBuildFile; fileRef = 2FC62E761F8C521300BA2D0D /* MyGithubUITests.swift */; };
		2FC62E871F8C537600BA2D0D /* GithubApi.swift in Sources */ = {isa = PBXBuildFile; fileRef = 2FC62E861F8C537600BA2D0D /* GithubApi.swift */; };
		2FC62E891F8C56E100BA2D0D /* consts.swift in Sources */ = {isa = PBXBuildFile; fileRef = 2FC62E881F8C56E100BA2D0D /* consts.swift */; };
		2FC62E8D1F8C641600BA2D0D /* AuthViewController.swift in Sources */ = {isa = PBXBuildFile; fileRef = 2FC62E8C1F8C641600BA2D0D /* AuthViewController.swift */; };
		2FFDE3591F8DFDE300CD4AAC /* Error.swift in Sources */ = {isa = PBXBuildFile; fileRef = 2FFDE3581F8DFDE300CD4AAC /* Error.swift */; };
		2FFDE35B1F8E093700CD4AAC /* RepositoryCellButton.swift in Sources */ = {isa = PBXBuildFile; fileRef = 2FFDE35A1F8E093700CD4AAC /* RepositoryCellButton.swift */; };
		5B35B7A6C35088D842C65E6D /* Pods_MyGithub.framework in Frameworks */ = {isa = PBXBuildFile; fileRef = 7498591FCC117FCD6699A5E6 /* Pods_MyGithub.framework */; };
		99386D55BF37021015A9EEDC /* Pods_MyGithubTests.framework in Frameworks */ = {isa = PBXBuildFile; fileRef = 2D06B493893C3EDBE9429026 /* Pods_MyGithubTests.framework */; };
		BE21C805F4C38920131A7440 /* Pods_MyGithubUITests.framework in Frameworks */ = {isa = PBXBuildFile; fileRef = 2905FD34CF8EA592D465FBD8 /* Pods_MyGithubUITests.framework */; };
/* End PBXBuildFile section */

/* Begin PBXContainerItemProxy section */
		2FC62E681F8C521300BA2D0D /* PBXContainerItemProxy */ = {
			isa = PBXContainerItemProxy;
			containerPortal = 2FC62E4B1F8C521300BA2D0D /* Project object */;
			proxyType = 1;
			remoteGlobalIDString = 2FC62E521F8C521300BA2D0D;
			remoteInfo = MyGithub;
		};
		2FC62E731F8C521300BA2D0D /* PBXContainerItemProxy */ = {
			isa = PBXContainerItemProxy;
			containerPortal = 2FC62E4B1F8C521300BA2D0D /* Project object */;
			proxyType = 1;
			remoteGlobalIDString = 2FC62E521F8C521300BA2D0D;
			remoteInfo = MyGithub;
		};
/* End PBXContainerItemProxy section */

/* Begin PBXFileReference section */
		188015D336DDD34A65D8CA46 /* Pods-MyGithubTests.release.xcconfig */ = {isa = PBXFileReference; includeInIndex = 1; lastKnownFileType = text.xcconfig; name = "Pods-MyGithubTests.release.xcconfig"; path = "Pods/Target Support Files/Pods-MyGithubTests/Pods-MyGithubTests.release.xcconfig"; sourceTree = "<group>"; };
		2905FD34CF8EA592D465FBD8 /* Pods_MyGithubUITests.framework */ = {isa = PBXFileReference; explicitFileType = wrapper.framework; includeInIndex = 0; path = Pods_MyGithubUITests.framework; sourceTree = BUILT_PRODUCTS_DIR; };
		2D06B493893C3EDBE9429026 /* Pods_MyGithubTests.framework */ = {isa = PBXFileReference; explicitFileType = wrapper.framework; includeInIndex = 0; path = Pods_MyGithubTests.framework; sourceTree = BUILT_PRODUCTS_DIR; };
		2F3478ED1F8EF71B002F335D /* NodelayTableView.swift */ = {isa = PBXFileReference; lastKnownFileType = sourcecode.swift; path = NodelayTableView.swift; sourceTree = "<group>"; };
		2FAC80931F8DA63A007BB510 /* RepositoriesViewController.swift */ = {isa = PBXFileReference; lastKnownFileType = sourcecode.swift; path = RepositoriesViewController.swift; sourceTree = "<group>"; };
		2FAC80951F8DAC0B007BB510 /* Repository.swift */ = {isa = PBXFileReference; lastKnownFileType = sourcecode.swift; path = Repository.swift; sourceTree = "<group>"; };
		2FAC80971F8DAE76007BB510 /* RepositoryTableViewCell.swift */ = {isa = PBXFileReference; lastKnownFileType = sourcecode.swift; path = RepositoryTableViewCell.swift; sourceTree = "<group>"; };
		2FB4BAC11F8C9EB1003ACCB0 /* ApiParser.swift */ = {isa = PBXFileReference; lastKnownFileType = sourcecode.swift; path = ApiParser.swift; sourceTree = "<group>"; };
		2FB4BAC31F8CA43D003ACCB0 /* GithubAuth.swift */ = {isa = PBXFileReference; lastKnownFileType = sourcecode.swift; path = GithubAuth.swift; sourceTree = "<group>"; };
		2FB4BAC61F8CB4BF003ACCB0 /* User.swift */ = {isa = PBXFileReference; lastKnownFileType = sourcecode.swift; path = User.swift; sourceTree = "<group>"; };
		2FC62E531F8C521300BA2D0D /* MyGithub.app */ = {isa = PBXFileReference; explicitFileType = wrapper.application; includeInIndex = 0; path = MyGithub.app; sourceTree = BUILT_PRODUCTS_DIR; };
		2FC62E561F8C521300BA2D0D /* AppDelegate.swift */ = {isa = PBXFileReference; lastKnownFileType = sourcecode.swift; path = AppDelegate.swift; sourceTree = "<group>"; };
		2FC62E581F8C521300BA2D0D /* ViewController.swift */ = {isa = PBXFileReference; lastKnownFileType = sourcecode.swift; path = ViewController.swift; sourceTree = "<group>"; };
		2FC62E5B1F8C521300BA2D0D /* Base */ = {isa = PBXFileReference; lastKnownFileType = file.storyboard; name = Base; path = Base.lproj/Main.storyboard; sourceTree = "<group>"; };
		2FC62E5D1F8C521300BA2D0D /* Assets.xcassets */ = {isa = PBXFileReference; lastKnownFileType = folder.assetcatalog; path = Assets.xcassets; sourceTree = "<group>"; };
		2FC62E601F8C521300BA2D0D /* Base */ = {isa = PBXFileReference; lastKnownFileType = file.storyboard; name = Base; path = Base.lproj/LaunchScreen.storyboard; sourceTree = "<group>"; };
		2FC62E621F8C521300BA2D0D /* Info.plist */ = {isa = PBXFileReference; lastKnownFileType = text.plist.xml; path = Info.plist; sourceTree = "<group>"; };
		2FC62E671F8C521300BA2D0D /* MyGithubTests.xctest */ = {isa = PBXFileReference; explicitFileType = wrapper.cfbundle; includeInIndex = 0; path = MyGithubTests.xctest; sourceTree = BUILT_PRODUCTS_DIR; };
		2FC62E6B1F8C521300BA2D0D /* MyGithubTests.swift */ = {isa = PBXFileReference; lastKnownFileType = sourcecode.swift; path = MyGithubTests.swift; sourceTree = "<group>"; };
		2FC62E6D1F8C521300BA2D0D /* Info.plist */ = {isa = PBXFileReference; lastKnownFileType = text.plist.xml; path = Info.plist; sourceTree = "<group>"; };
		2FC62E721F8C521300BA2D0D /* MyGithubUITests.xctest */ = {isa = PBXFileReference; explicitFileType = wrapper.cfbundle; includeInIndex = 0; path = MyGithubUITests.xctest; sourceTree = BUILT_PRODUCTS_DIR; };
		2FC62E761F8C521300BA2D0D /* MyGithubUITests.swift */ = {isa = PBXFileReference; lastKnownFileType = sourcecode.swift; path = MyGithubUITests.swift; sourceTree = "<group>"; };
		2FC62E781F8C521300BA2D0D /* Info.plist */ = {isa = PBXFileReference; lastKnownFileType = text.plist.xml; path = Info.plist; sourceTree = "<group>"; };
		2FC62E861F8C537600BA2D0D /* GithubApi.swift */ = {isa = PBXFileReference; lastKnownFileType = sourcecode.swift; path = GithubApi.swift; sourceTree = "<group>"; };
		2FC62E881F8C56E100BA2D0D /* consts.swift */ = {isa = PBXFileReference; lastKnownFileType = sourcecode.swift; path = consts.swift; sourceTree = "<group>"; };
		2FC62E8C1F8C641600BA2D0D /* AuthViewController.swift */ = {isa = PBXFileReference; lastKnownFileType = sourcecode.swift; path = AuthViewController.swift; sourceTree = "<group>"; };
		2FFDE3581F8DFDE300CD4AAC /* Error.swift */ = {isa = PBXFileReference; lastKnownFileType = sourcecode.swift; path = Error.swift; sourceTree = "<group>"; };
		2FFDE35A1F8E093700CD4AAC /* RepositoryCellButton.swift */ = {isa = PBXFileReference; lastKnownFileType = sourcecode.swift; path = RepositoryCellButton.swift; sourceTree = "<group>"; };
		50015D901A8926A056010DD2 /* Pods-MyGithubUITests.debug.xcconfig */ = {isa = PBXFileReference; includeInIndex = 1; lastKnownFileType = text.xcconfig; name = "Pods-MyGithubUITests.debug.xcconfig"; path = "Pods/Target Support Files/Pods-MyGithubUITests/Pods-MyGithubUITests.debug.xcconfig"; sourceTree = "<group>"; };
		58C13C3BEBBFFDBD26AB7550 /* Pods-MyGithubTests.debug.xcconfig */ = {isa = PBXFileReference; includeInIndex = 1; lastKnownFileType = text.xcconfig; name = "Pods-MyGithubTests.debug.xcconfig"; path = "Pods/Target Support Files/Pods-MyGithubTests/Pods-MyGithubTests.debug.xcconfig"; sourceTree = "<group>"; };
		7498591FCC117FCD6699A5E6 /* Pods_MyGithub.framework */ = {isa = PBXFileReference; explicitFileType = wrapper.framework; includeInIndex = 0; path = Pods_MyGithub.framework; sourceTree = BUILT_PRODUCTS_DIR; };
		A1991A05952E365E07CC9884 /* Pods-MyGithub.release.xcconfig */ = {isa = PBXFileReference; includeInIndex = 1; lastKnownFileType = text.xcconfig; name = "Pods-MyGithub.release.xcconfig"; path = "Pods/Target Support Files/Pods-MyGithub/Pods-MyGithub.release.xcconfig"; sourceTree = "<group>"; };
		AE599F9BB77CC4A52CC400E6 /* Pods-MyGithub.debug.xcconfig */ = {isa = PBXFileReference; includeInIndex = 1; lastKnownFileType = text.xcconfig; name = "Pods-MyGithub.debug.xcconfig"; path = "Pods/Target Support Files/Pods-MyGithub/Pods-MyGithub.debug.xcconfig"; sourceTree = "<group>"; };
		CEE30220A1408B66E42ECCEE /* Pods-MyGithubUITests.release.xcconfig */ = {isa = PBXFileReference; includeInIndex = 1; lastKnownFileType = text.xcconfig; name = "Pods-MyGithubUITests.release.xcconfig"; path = "Pods/Target Support Files/Pods-MyGithubUITests/Pods-MyGithubUITests.release.xcconfig"; sourceTree = "<group>"; };
/* End PBXFileReference section */

/* Begin PBXFrameworksBuildPhase section */
		2FC62E501F8C521300BA2D0D /* Frameworks */ = {
			isa = PBXFrameworksBuildPhase;
			buildActionMask = 2147483647;
			files = (
				5B35B7A6C35088D842C65E6D /* Pods_MyGithub.framework in Frameworks */,
			);
			runOnlyForDeploymentPostprocessing = 0;
		};
		2FC62E641F8C521300BA2D0D /* Frameworks */ = {
			isa = PBXFrameworksBuildPhase;
			buildActionMask = 2147483647;
			files = (
				99386D55BF37021015A9EEDC /* Pods_MyGithubTests.framework in Frameworks */,
			);
			runOnlyForDeploymentPostprocessing = 0;
		};
		2FC62E6F1F8C521300BA2D0D /* Frameworks */ = {
			isa = PBXFrameworksBuildPhase;
			buildActionMask = 2147483647;
			files = (
				BE21C805F4C38920131A7440 /* Pods_MyGithubUITests.framework in Frameworks */,
			);
			runOnlyForDeploymentPostprocessing = 0;
		};
/* End PBXFrameworksBuildPhase section */

/* Begin PBXGroup section */
		2CABE1FEC8486E8AEA0C9E99 /* Pods */ = {
			isa = PBXGroup;
			children = (
				AE599F9BB77CC4A52CC400E6 /* Pods-MyGithub.debug.xcconfig */,
				A1991A05952E365E07CC9884 /* Pods-MyGithub.release.xcconfig */,
				58C13C3BEBBFFDBD26AB7550 /* Pods-MyGithubTests.debug.xcconfig */,
				188015D336DDD34A65D8CA46 /* Pods-MyGithubTests.release.xcconfig */,
				50015D901A8926A056010DD2 /* Pods-MyGithubUITests.debug.xcconfig */,
				CEE30220A1408B66E42ECCEE /* Pods-MyGithubUITests.release.xcconfig */,
			);
			name = Pods;
			sourceTree = "<group>";
		};
		2FB4BAC51F8CB4B3003ACCB0 /* Model */ = {
			isa = PBXGroup;
			children = (
				2FB4BAC61F8CB4BF003ACCB0 /* User.swift */,
				2FAC80951F8DAC0B007BB510 /* Repository.swift */,
				2FFDE3581F8DFDE300CD4AAC /* Error.swift */,
			);
			path = Model;
			sourceTree = "<group>";
		};
		2FC62E4A1F8C521200BA2D0D = {
			isa = PBXGroup;
			children = (
				2FC62E551F8C521300BA2D0D /* MyGithub */,
				2FC62E6A1F8C521300BA2D0D /* MyGithubTests */,
				2FC62E751F8C521300BA2D0D /* MyGithubUITests */,
				2FC62E541F8C521300BA2D0D /* Products */,
				2CABE1FEC8486E8AEA0C9E99 /* Pods */,
				C83FFA3BD4AC3FD326C25826 /* Frameworks */,
			);
			sourceTree = "<group>";
		};
		2FC62E541F8C521300BA2D0D /* Products */ = {
			isa = PBXGroup;
			children = (
				2FC62E531F8C521300BA2D0D /* MyGithub.app */,
				2FC62E671F8C521300BA2D0D /* MyGithubTests.xctest */,
				2FC62E721F8C521300BA2D0D /* MyGithubUITests.xctest */,
			);
			name = Products;
			sourceTree = "<group>";
		};
		2FC62E551F8C521300BA2D0D /* MyGithub */ = {
			isa = PBXGroup;
			children = (
				2FB4BAC51F8CB4B3003ACCB0 /* Model */,
				2FC62E851F8C535A00BA2D0D /* service */,
				2FC62E841F8C534200BA2D0D /* utils */,
				2FC62E8C1F8C641600BA2D0D /* AuthViewController.swift */,
				2FC62E561F8C521300BA2D0D /* AppDelegate.swift */,
				2FC62E581F8C521300BA2D0D /* ViewController.swift */,
				2FC62E5A1F8C521300BA2D0D /* Main.storyboard */,
				2FAC80971F8DAE76007BB510 /* RepositoryTableViewCell.swift */,
				2FC62E5D1F8C521300BA2D0D /* Assets.xcassets */,
				2FC62E5F1F8C521300BA2D0D /* LaunchScreen.storyboard */,
				2FC62E621F8C521300BA2D0D /* Info.plist */,
				2FAC80931F8DA63A007BB510 /* RepositoriesViewController.swift */,
				2F3478ED1F8EF71B002F335D /* NodelayTableView.swift */,
				2FFDE35A1F8E093700CD4AAC /* RepositoryCellButton.swift */,
			);
			path = MyGithub;
			sourceTree = "<group>";
		};
		2FC62E6A1F8C521300BA2D0D /* MyGithubTests */ = {
			isa = PBXGroup;
			children = (
				2FC62E6B1F8C521300BA2D0D /* MyGithubTests.swift */,
				2FC62E6D1F8C521300BA2D0D /* Info.plist */,
			);
			path = MyGithubTests;
			sourceTree = "<group>";
		};
		2FC62E751F8C521300BA2D0D /* MyGithubUITests */ = {
			isa = PBXGroup;
			children = (
				2FC62E761F8C521300BA2D0D /* MyGithubUITests.swift */,
				2FC62E781F8C521300BA2D0D /* Info.plist */,
			);
			path = MyGithubUITests;
			sourceTree = "<group>";
		};
		2FC62E841F8C534200BA2D0D /* utils */ = {
			isa = PBXGroup;
			children = (
				2FC62E881F8C56E100BA2D0D /* consts.swift */,
			);
			path = utils;
			sourceTree = "<group>";
		};
		2FC62E851F8C535A00BA2D0D /* service */ = {
			isa = PBXGroup;
			children = (
				2FC62E861F8C537600BA2D0D /* GithubApi.swift */,
				2FB4BAC31F8CA43D003ACCB0 /* GithubAuth.swift */,
				2FB4BAC11F8C9EB1003ACCB0 /* ApiParser.swift */,
			);
			path = service;
			sourceTree = "<group>";
		};
		C83FFA3BD4AC3FD326C25826 /* Frameworks */ = {
			isa = PBXGroup;
			children = (
				7498591FCC117FCD6699A5E6 /* Pods_MyGithub.framework */,
				2D06B493893C3EDBE9429026 /* Pods_MyGithubTests.framework */,
				2905FD34CF8EA592D465FBD8 /* Pods_MyGithubUITests.framework */,
			);
			name = Frameworks;
			sourceTree = "<group>";
		};
/* End PBXGroup section */

/* Begin PBXNativeTarget section */
		2FC62E521F8C521300BA2D0D /* MyGithub */ = {
			isa = PBXNativeTarget;
			buildConfigurationList = 2FC62E7B1F8C521300BA2D0D /* Build configuration list for PBXNativeTarget "MyGithub" */;
			buildPhases = (
				D7F91FC08128008D74D1EAE1 /* [CP] Check Pods Manifest.lock */,
				2FC62E4F1F8C521300BA2D0D /* Sources */,
				2FC62E501F8C521300BA2D0D /* Frameworks */,
				2FC62E511F8C521300BA2D0D /* Resources */,
				1921D8E21F1823460C0714A8 /* [CP] Embed Pods Frameworks */,
				999D386EC91530E477AF4CB3 /* [CP] Copy Pods Resources */,
			);
			buildRules = (
			);
			dependencies = (
			);
			name = MyGithub;
			productName = MyGithub;
			productReference = 2FC62E531F8C521300BA2D0D /* MyGithub.app */;
			productType = "com.apple.product-type.application";
		};
		2FC62E661F8C521300BA2D0D /* MyGithubTests */ = {
			isa = PBXNativeTarget;
			buildConfigurationList = 2FC62E7E1F8C521300BA2D0D /* Build configuration list for PBXNativeTarget "MyGithubTests" */;
			buildPhases = (
				354713061EDE584E4C86E43D /* [CP] Check Pods Manifest.lock */,
				2FC62E631F8C521300BA2D0D /* Sources */,
				2FC62E641F8C521300BA2D0D /* Frameworks */,
				2FC62E651F8C521300BA2D0D /* Resources */,
				A1A958A8B4639CB14B38CBC4 /* [CP] Embed Pods Frameworks */,
				6759934CB5711BCE50F161BB /* [CP] Copy Pods Resources */,
			);
			buildRules = (
			);
			dependencies = (
				2FC62E691F8C521300BA2D0D /* PBXTargetDependency */,
			);
			name = MyGithubTests;
			productName = MyGithubTests;
			productReference = 2FC62E671F8C521300BA2D0D /* MyGithubTests.xctest */;
			productType = "com.apple.product-type.bundle.unit-test";
		};
		2FC62E711F8C521300BA2D0D /* MyGithubUITests */ = {
			isa = PBXNativeTarget;
			buildConfigurationList = 2FC62E811F8C521300BA2D0D /* Build configuration list for PBXNativeTarget "MyGithubUITests" */;
			buildPhases = (
				2225CF5F24EFBB5FE0B50111 /* [CP] Check Pods Manifest.lock */,
				2FC62E6E1F8C521300BA2D0D /* Sources */,
				2FC62E6F1F8C521300BA2D0D /* Frameworks */,
				2FC62E701F8C521300BA2D0D /* Resources */,
				AFE335226BE47FC575443DD8 /* [CP] Embed Pods Frameworks */,
				C751E50E587CE6F17DDA91B1 /* [CP] Copy Pods Resources */,
			);
			buildRules = (
			);
			dependencies = (
				2FC62E741F8C521300BA2D0D /* PBXTargetDependency */,
			);
			name = MyGithubUITests;
			productName = MyGithubUITests;
			productReference = 2FC62E721F8C521300BA2D0D /* MyGithubUITests.xctest */;
			productType = "com.apple.product-type.bundle.ui-testing";
		};
/* End PBXNativeTarget section */

/* Begin PBXProject section */
		2FC62E4B1F8C521300BA2D0D /* Project object */ = {
			isa = PBXProject;
			attributes = {
				LastSwiftUpdateCheck = 0900;
				LastUpgradeCheck = 0900;
				ORGANIZATIONNAME = ocean;
				TargetAttributes = {
					2FC62E521F8C521300BA2D0D = {
						CreatedOnToolsVersion = 9.0;
						ProvisioningStyle = Automatic;
					};
					2FC62E661F8C521300BA2D0D = {
						CreatedOnToolsVersion = 9.0;
						ProvisioningStyle = Automatic;
						TestTargetID = 2FC62E521F8C521300BA2D0D;
					};
					2FC62E711F8C521300BA2D0D = {
						CreatedOnToolsVersion = 9.0;
						ProvisioningStyle = Automatic;
						TestTargetID = 2FC62E521F8C521300BA2D0D;
					};
				};
			};
			buildConfigurationList = 2FC62E4E1F8C521300BA2D0D /* Build configuration list for PBXProject "MyGithub" */;
			compatibilityVersion = "Xcode 8.0";
			developmentRegion = en;
			hasScannedForEncodings = 0;
			knownRegions = (
				en,
				Base,
			);
			mainGroup = 2FC62E4A1F8C521200BA2D0D;
			productRefGroup = 2FC62E541F8C521300BA2D0D /* Products */;
			projectDirPath = "";
			projectRoot = "";
			targets = (
				2FC62E521F8C521300BA2D0D /* MyGithub */,
				2FC62E661F8C521300BA2D0D /* MyGithubTests */,
				2FC62E711F8C521300BA2D0D /* MyGithubUITests */,
			);
		};
/* End PBXProject section */

/* Begin PBXResourcesBuildPhase section */
		2FC62E511F8C521300BA2D0D /* Resources */ = {
			isa = PBXResourcesBuildPhase;
			buildActionMask = 2147483647;
			files = (
				2FC62E611F8C521300BA2D0D /* LaunchScreen.storyboard in Resources */,
				2FC62E5E1F8C521300BA2D0D /* Assets.xcassets in Resources */,
				2FC62E5C1F8C521300BA2D0D /* Main.storyboard in Resources */,
			);
			runOnlyForDeploymentPostprocessing = 0;
		};
		2FC62E651F8C521300BA2D0D /* Resources */ = {
			isa = PBXResourcesBuildPhase;
			buildActionMask = 2147483647;
			files = (
			);
			runOnlyForDeploymentPostprocessing = 0;
		};
		2FC62E701F8C521300BA2D0D /* Resources */ = {
			isa = PBXResourcesBuildPhase;
			buildActionMask = 2147483647;
			files = (
			);
			runOnlyForDeploymentPostprocessing = 0;
		};
/* End PBXResourcesBuildPhase section */

/* Begin PBXShellScriptBuildPhase section */
		1921D8E21F1823460C0714A8 /* [CP] Embed Pods Frameworks */ = {
			isa = PBXShellScriptBuildPhase;
			buildActionMask = 2147483647;
			files = (
			);
			inputPaths = (
				"${SRCROOT}/Pods/Target Support Files/Pods-MyGithub/Pods-MyGithub-frameworks.sh",
				"${BUILT_PRODUCTS_DIR}/Alamofire/Alamofire.framework",
				"${BUILT_PRODUCTS_DIR}/DefaultsKit/DefaultsKit.framework",
				"${BUILT_PRODUCTS_DIR}/DynamicColor/DynamicColor.framework",
				"${BUILT_PRODUCTS_DIR}/Moya/Moya.framework",
				"${BUILT_PRODUCTS_DIR}/Result/Result.framework",
				"${BUILT_PRODUCTS_DIR}/RxSwift/RxSwift.framework",
				"${BUILT_PRODUCTS_DIR}/SwiftyImage/SwiftyImage.framework",
			);
			name = "[CP] Embed Pods Frameworks";
			outputPaths = (
				"${TARGET_BUILD_DIR}/${FRAMEWORKS_FOLDER_PATH}/Alamofire.framework",
				"${TARGET_BUILD_DIR}/${FRAMEWORKS_FOLDER_PATH}/DefaultsKit.framework",
				"${TARGET_BUILD_DIR}/${FRAMEWORKS_FOLDER_PATH}/DynamicColor.framework",
				"${TARGET_BUILD_DIR}/${FRAMEWORKS_FOLDER_PATH}/Moya.framework",
				"${TARGET_BUILD_DIR}/${FRAMEWORKS_FOLDER_PATH}/Result.framework",
				"${TARGET_BUILD_DIR}/${FRAMEWORKS_FOLDER_PATH}/RxSwift.framework",
				"${TARGET_BUILD_DIR}/${FRAMEWORKS_FOLDER_PATH}/SwiftyImage.framework",
			);
			runOnlyForDeploymentPostprocessing = 0;
			shellPath = /bin/sh;
			shellScript = "\"${SRCROOT}/Pods/Target Support Files/Pods-MyGithub/Pods-MyGithub-frameworks.sh\"\n";
			showEnvVarsInLog = 0;
		};
		2225CF5F24EFBB5FE0B50111 /* [CP] Check Pods Manifest.lock */ = {
			isa = PBXShellScriptBuildPhase;
			buildActionMask = 2147483647;
			files = (
			);
			inputPaths = (
				"${PODS_PODFILE_DIR_PATH}/Podfile.lock",
				"${PODS_ROOT}/Manifest.lock",
			);
			name = "[CP] Check Pods Manifest.lock";
			outputPaths = (
				"$(DERIVED_FILE_DIR)/Pods-MyGithubUITests-checkManifestLockResult.txt",
			);
			runOnlyForDeploymentPostprocessing = 0;
			shellPath = /bin/sh;
			shellScript = "diff \"${PODS_PODFILE_DIR_PATH}/Podfile.lock\" \"${PODS_ROOT}/Manifest.lock\" > /dev/null\nif [ $? != 0 ] ; then\n    # print error to STDERR\n    echo \"error: The sandbox is not in sync with the Podfile.lock. Run 'pod install' or update your CocoaPods installation.\" >&2\n    exit 1\nfi\n# This output is used by Xcode 'outputs' to avoid re-running this script phase.\necho \"SUCCESS\" > \"${SCRIPT_OUTPUT_FILE_0}\"\n";
			showEnvVarsInLog = 0;
		};
		354713061EDE584E4C86E43D /* [CP] Check Pods Manifest.lock */ = {
			isa = PBXShellScriptBuildPhase;
			buildActionMask = 2147483647;
			files = (
			);
			inputPaths = (
				"${PODS_PODFILE_DIR_PATH}/Podfile.lock",
				"${PODS_ROOT}/Manifest.lock",
			);
			name = "[CP] Check Pods Manifest.lock";
			outputPaths = (
				"$(DERIVED_FILE_DIR)/Pods-MyGithubTests-checkManifestLockResult.txt",
			);
			runOnlyForDeploymentPostprocessing = 0;
			shellPath = /bin/sh;
			shellScript = "diff \"${PODS_PODFILE_DIR_PATH}/Podfile.lock\" \"${PODS_ROOT}/Manifest.lock\" > /dev/null\nif [ $? != 0 ] ; then\n    # print error to STDERR\n    echo \"error: The sandbox is not in sync with the Podfile.lock. Run 'pod install' or update your CocoaPods installation.\" >&2\n    exit 1\nfi\n# This output is used by Xcode 'outputs' to avoid re-running this script phase.\necho \"SUCCESS\" > \"${SCRIPT_OUTPUT_FILE_0}\"\n";
			showEnvVarsInLog = 0;
		};
		6759934CB5711BCE50F161BB /* [CP] Copy Pods Resources */ = {
			isa = PBXShellScriptBuildPhase;
			buildActionMask = 2147483647;
			files = (
			);
			inputPaths = (
			);
			name = "[CP] Copy Pods Resources";
			outputPaths = (
			);
			runOnlyForDeploymentPostprocessing = 0;
			shellPath = /bin/sh;
			shellScript = "\"${SRCROOT}/Pods/Target Support Files/Pods-MyGithubTests/Pods-MyGithubTests-resources.sh\"\n";
			showEnvVarsInLog = 0;
		};
		999D386EC91530E477AF4CB3 /* [CP] Copy Pods Resources */ = {
			isa = PBXShellScriptBuildPhase;
			buildActionMask = 2147483647;
			files = (
			);
			inputPaths = (
			);
			name = "[CP] Copy Pods Resources";
			outputPaths = (
			);
			runOnlyForDeploymentPostprocessing = 0;
			shellPath = /bin/sh;
			shellScript = "\"${SRCROOT}/Pods/Target Support Files/Pods-MyGithub/Pods-MyGithub-resources.sh\"\n";
			showEnvVarsInLog = 0;
		};
		A1A958A8B4639CB14B38CBC4 /* [CP] Embed Pods Frameworks */ = {
			isa = PBXShellScriptBuildPhase;
			buildActionMask = 2147483647;
			files = (
			);
			inputPaths = (
			);
			name = "[CP] Embed Pods Frameworks";
			outputPaths = (
			);
			runOnlyForDeploymentPostprocessing = 0;
			shellPath = /bin/sh;
			shellScript = "\"${SRCROOT}/Pods/Target Support Files/Pods-MyGithubTests/Pods-MyGithubTests-frameworks.sh\"\n";
			showEnvVarsInLog = 0;
		};
		AFE335226BE47FC575443DD8 /* [CP] Embed Pods Frameworks */ = {
			isa = PBXShellScriptBuildPhase;
			buildActionMask = 2147483647;
			files = (
			);
			inputPaths = (
			);
			name = "[CP] Embed Pods Frameworks";
			outputPaths = (
			);
			runOnlyForDeploymentPostprocessing = 0;
			shellPath = /bin/sh;
			shellScript = "\"${SRCROOT}/Pods/Target Support Files/Pods-MyGithubUITests/Pods-MyGithubUITests-frameworks.sh\"\n";
			showEnvVarsInLog = 0;
		};
		C751E50E587CE6F17DDA91B1 /* [CP] Copy Pods Resources */ = {
			isa = PBXShellScriptBuildPhase;
			buildActionMask = 2147483647;
			files = (
			);
			inputPaths = (
			);
			name = "[CP] Copy Pods Resources";
			outputPaths = (
			);
			runOnlyForDeploymentPostprocessing = 0;
			shellPath = /bin/sh;
			shellScript = "\"${SRCROOT}/Pods/Target Support Files/Pods-MyGithubUITests/Pods-MyGithubUITests-resources.sh\"\n";
			showEnvVarsInLog = 0;
		};
		D7F91FC08128008D74D1EAE1 /* [CP] Check Pods Manifest.lock */ = {
			isa = PBXShellScriptBuildPhase;
			buildActionMask = 2147483647;
			files = (
			);
			inputPaths = (
				"${PODS_PODFILE_DIR_PATH}/Podfile.lock",
				"${PODS_ROOT}/Manifest.lock",
			);
			name = "[CP] Check Pods Manifest.lock";
			outputPaths = (
				"$(DERIVED_FILE_DIR)/Pods-MyGithub-checkManifestLockResult.txt",
			);
			runOnlyForDeploymentPostprocessing = 0;
			shellPath = /bin/sh;
			shellScript = "diff \"${PODS_PODFILE_DIR_PATH}/Podfile.lock\" \"${PODS_ROOT}/Manifest.lock\" > /dev/null\nif [ $? != 0 ] ; then\n    # print error to STDERR\n    echo \"error: The sandbox is not in sync with the Podfile.lock. Run 'pod install' or update your CocoaPods installation.\" >&2\n    exit 1\nfi\n# This output is used by Xcode 'outputs' to avoid re-running this script phase.\necho \"SUCCESS\" > \"${SCRIPT_OUTPUT_FILE_0}\"\n";
			showEnvVarsInLog = 0;
		};
/* End PBXShellScriptBuildPhase section */

/* Begin PBXSourcesBuildPhase section */
		2FC62E4F1F8C521300BA2D0D /* Sources */ = {
			isa = PBXSourcesBuildPhase;
			buildActionMask = 2147483647;
			files = (
				2FC62E871F8C537600BA2D0D /* GithubApi.swift in Sources */,
				2FB4BAC21F8C9EB1003ACCB0 /* ApiParser.swift in Sources */,
				2F3478EE1F8EF71B002F335D /* NodelayTableView.swift in Sources */,
				2FC62E891F8C56E100BA2D0D /* consts.swift in Sources */,
				2FC62E8D1F8C641600BA2D0D /* AuthViewController.swift in Sources */,
				2FFDE3591F8DFDE300CD4AAC /* Error.swift in Sources */,
				2FFDE35B1F8E093700CD4AAC /* RepositoryCellButton.swift in Sources */,
				2FAC80941F8DA63A007BB510 /* RepositoriesViewController.swift in Sources */,
				2FB4BAC71F8CB4BF003ACCB0 /* User.swift in Sources */,
				2FAC80981F8DAE76007BB510 /* RepositoryTableViewCell.swift in Sources */,
				2FC62E591F8C521300BA2D0D /* ViewController.swift in Sources */,
				2FAC80961F8DAC0B007BB510 /* Repository.swift in Sources */,
				2FB4BAC41F8CA43D003ACCB0 /* GithubAuth.swift in Sources */,
				2FC62E571F8C521300BA2D0D /* AppDelegate.swift in Sources */,
			);
			runOnlyForDeploymentPostprocessing = 0;
		};
		2FC62E631F8C521300BA2D0D /* Sources */ = {
			isa = PBXSourcesBuildPhase;
			buildActionMask = 2147483647;
			files = (
				2FC62E6C1F8C521300BA2D0D /* MyGithubTests.swift in Sources */,
			);
			runOnlyForDeploymentPostprocessing = 0;
		};
		2FC62E6E1F8C521300BA2D0D /* Sources */ = {
			isa = PBXSourcesBuildPhase;
			buildActionMask = 2147483647;
			files = (
				2FC62E771F8C521300BA2D0D /* MyGithubUITests.swift in Sources */,
			);
			runOnlyForDeploymentPostprocessing = 0;
		};
/* End PBXSourcesBuildPhase section */

/* Begin PBXTargetDependency section */
		2FC62E691F8C521300BA2D0D /* PBXTargetDependency */ = {
			isa = PBXTargetDependency;
			target = 2FC62E521F8C521300BA2D0D /* MyGithub */;
			targetProxy = 2FC62E681F8C521300BA2D0D /* PBXContainerItemProxy */;
		};
		2FC62E741F8C521300BA2D0D /* PBXTargetDependency */ = {
			isa = PBXTargetDependency;
			target = 2FC62E521F8C521300BA2D0D /* MyGithub */;
			targetProxy = 2FC62E731F8C521300BA2D0D /* PBXContainerItemProxy */;
		};
/* End PBXTargetDependency section */

/* Begin PBXVariantGroup section */
		2FC62E5A1F8C521300BA2D0D /* Main.storyboard */ = {
			isa = PBXVariantGroup;
			children = (
				2FC62E5B1F8C521300BA2D0D /* Base */,
			);
			name = Main.storyboard;
			sourceTree = "<group>";
		};
		2FC62E5F1F8C521300BA2D0D /* LaunchScreen.storyboard */ = {
			isa = PBXVariantGroup;
			children = (
				2FC62E601F8C521300BA2D0D /* Base */,
			);
			name = LaunchScreen.storyboard;
			sourceTree = "<group>";
		};
/* End PBXVariantGroup section */

/* Begin XCBuildConfiguration section */
		2FC62E791F8C521300BA2D0D /* Debug */ = {
			isa = XCBuildConfiguration;
			buildSettings = {
				ALWAYS_SEARCH_USER_PATHS = NO;
				CLANG_ANALYZER_NONNULL = YES;
				CLANG_ANALYZER_NUMBER_OBJECT_CONVERSION = YES_AGGRESSIVE;
				CLANG_CXX_LANGUAGE_STANDARD = "gnu++14";
				CLANG_CXX_LIBRARY = "libc++";
				CLANG_ENABLE_MODULES = YES;
				CLANG_ENABLE_OBJC_ARC = YES;
				CLANG_WARN_BLOCK_CAPTURE_AUTORELEASING = YES;
				CLANG_WARN_BOOL_CONVERSION = YES;
				CLANG_WARN_COMMA = YES;
				CLANG_WARN_CONSTANT_CONVERSION = YES;
				CLANG_WARN_DIRECT_OBJC_ISA_USAGE = YES_ERROR;
				CLANG_WARN_DOCUMENTATION_COMMENTS = YES;
				CLANG_WARN_EMPTY_BODY = YES;
				CLANG_WARN_ENUM_CONVERSION = YES;
				CLANG_WARN_INFINITE_RECURSION = YES;
				CLANG_WARN_INT_CONVERSION = YES;
				CLANG_WARN_NON_LITERAL_NULL_CONVERSION = YES;
				CLANG_WARN_OBJC_LITERAL_CONVERSION = YES;
				CLANG_WARN_OBJC_ROOT_CLASS = YES_ERROR;
				CLANG_WARN_RANGE_LOOP_ANALYSIS = YES;
				CLANG_WARN_STRICT_PROTOTYPES = YES;
				CLANG_WARN_SUSPICIOUS_MOVE = YES;
				CLANG_WARN_UNGUARDED_AVAILABILITY = YES_AGGRESSIVE;
				CLANG_WARN_UNREACHABLE_CODE = YES;
				CLANG_WARN__DUPLICATE_METHOD_MATCH = YES;
				CODE_SIGN_IDENTITY = "iPhone Developer";
				COPY_PHASE_STRIP = NO;
				DEBUG_INFORMATION_FORMAT = dwarf;
				ENABLE_STRICT_OBJC_MSGSEND = YES;
				ENABLE_TESTABILITY = YES;
				GCC_C_LANGUAGE_STANDARD = gnu11;
				GCC_DYNAMIC_NO_PIC = NO;
				GCC_NO_COMMON_BLOCKS = YES;
				GCC_OPTIMIZATION_LEVEL = 0;
				GCC_PREPROCESSOR_DEFINITIONS = (
					"DEBUG=1",
					"$(inherited)",
				);
				GCC_WARN_64_TO_32_BIT_CONVERSION = YES;
				GCC_WARN_ABOUT_RETURN_TYPE = YES_ERROR;
				GCC_WARN_UNDECLARED_SELECTOR = YES;
				GCC_WARN_UNINITIALIZED_AUTOS = YES_AGGRESSIVE;
				GCC_WARN_UNUSED_FUNCTION = YES;
				GCC_WARN_UNUSED_VARIABLE = YES;
				IPHONEOS_DEPLOYMENT_TARGET = 11.0;
				MTL_ENABLE_DEBUG_INFO = YES;
				ONLY_ACTIVE_ARCH = YES;
				SDKROOT = iphoneos;
				SWIFT_ACTIVE_COMPILATION_CONDITIONS = DEBUG;
				SWIFT_OPTIMIZATION_LEVEL = "-Onone";
			};
			name = Debug;
		};
		2FC62E7A1F8C521300BA2D0D /* Release */ = {
			isa = XCBuildConfiguration;
			buildSettings = {
				ALWAYS_SEARCH_USER_PATHS = NO;
				CLANG_ANALYZER_NONNULL = YES;
				CLANG_ANALYZER_NUMBER_OBJECT_CONVERSION = YES_AGGRESSIVE;
				CLANG_CXX_LANGUAGE_STANDARD = "gnu++14";
				CLANG_CXX_LIBRARY = "libc++";
				CLANG_ENABLE_MODULES = YES;
				CLANG_ENABLE_OBJC_ARC = YES;
				CLANG_WARN_BLOCK_CAPTURE_AUTORELEASING = YES;
				CLANG_WARN_BOOL_CONVERSION = YES;
				CLANG_WARN_COMMA = YES;
				CLANG_WARN_CONSTANT_CONVERSION = YES;
				CLANG_WARN_DIRECT_OBJC_ISA_USAGE = YES_ERROR;
				CLANG_WARN_DOCUMENTATION_COMMENTS = YES;
				CLANG_WARN_EMPTY_BODY = YES;
				CLANG_WARN_ENUM_CONVERSION = YES;
				CLANG_WARN_INFINITE_RECURSION = YES;
				CLANG_WARN_INT_CONVERSION = YES;
				CLANG_WARN_NON_LITERAL_NULL_CONVERSION = YES;
				CLANG_WARN_OBJC_LITERAL_CONVERSION = YES;
				CLANG_WARN_OBJC_ROOT_CLASS = YES_ERROR;
				CLANG_WARN_RANGE_LOOP_ANALYSIS = YES;
				CLANG_WARN_STRICT_PROTOTYPES = YES;
				CLANG_WARN_SUSPICIOUS_MOVE = YES;
				CLANG_WARN_UNGUARDED_AVAILABILITY = YES_AGGRESSIVE;
				CLANG_WARN_UNREACHABLE_CODE = YES;
				CLANG_WARN__DUPLICATE_METHOD_MATCH = YES;
				CODE_SIGN_IDENTITY = "iPhone Developer";
				COPY_PHASE_STRIP = NO;
				DEBUG_INFORMATION_FORMAT = "dwarf-with-dsym";
				ENABLE_NS_ASSERTIONS = NO;
				ENABLE_STRICT_OBJC_MSGSEND = YES;
				GCC_C_LANGUAGE_STANDARD = gnu11;
				GCC_NO_COMMON_BLOCKS = YES;
				GCC_WARN_64_TO_32_BIT_CONVERSION = YES;
				GCC_WARN_ABOUT_RETURN_TYPE = YES_ERROR;
				GCC_WARN_UNDECLARED_SELECTOR = YES;
				GCC_WARN_UNINITIALIZED_AUTOS = YES_AGGRESSIVE;
				GCC_WARN_UNUSED_FUNCTION = YES;
				GCC_WARN_UNUSED_VARIABLE = YES;
				IPHONEOS_DEPLOYMENT_TARGET = 11.0;
				MTL_ENABLE_DEBUG_INFO = NO;
				SDKROOT = iphoneos;
				SWIFT_OPTIMIZATION_LEVEL = "-Owholemodule";
				VALIDATE_PRODUCT = YES;
			};
			name = Release;
		};
		2FC62E7C1F8C521300BA2D0D /* Debug */ = {
			isa = XCBuildConfiguration;
			baseConfigurationReference = AE599F9BB77CC4A52CC400E6 /* Pods-MyGithub.debug.xcconfig */;
			buildSettings = {
				ASSETCATALOG_COMPILER_APPICON_NAME = AppIcon;
				CODE_SIGN_STYLE = Automatic;
				DEVELOPMENT_TEAM = XQJ6Y5LCMF;
				INFOPLIST_FILE = MyGithub/Info.plist;
				LD_RUNPATH_SEARCH_PATHS = "$(inherited) @executable_path/Frameworks";
				PRODUCT_BUNDLE_IDENTIFIER = ocean.com.MyGithub;
				PRODUCT_NAME = "$(TARGET_NAME)";
				SWIFT_VERSION = 4.0;
				TARGETED_DEVICE_FAMILY = "1,2";
			};
			name = Debug;
		};
		2FC62E7D1F8C521300BA2D0D /* Release */ = {
			isa = XCBuildConfiguration;
			baseConfigurationReference = A1991A05952E365E07CC9884 /* Pods-MyGithub.release.xcconfig */;
			buildSettings = {
				ASSETCATALOG_COMPILER_APPICON_NAME = AppIcon;
				CODE_SIGN_STYLE = Automatic;
				DEVELOPMENT_TEAM = XQJ6Y5LCMF;
				INFOPLIST_FILE = MyGithub/Info.plist;
				LD_RUNPATH_SEARCH_PATHS = "$(inherited) @executable_path/Frameworks";
				PRODUCT_BUNDLE_IDENTIFIER = ocean.com.MyGithub;
				PRODUCT_NAME = "$(TARGET_NAME)";
				SWIFT_VERSION = 4.0;
				TARGETED_DEVICE_FAMILY = "1,2";
			};
			name = Release;
		};
		2FC62E7F1F8C521300BA2D0D /* Debug */ = {
			isa = XCBuildConfiguration;
			baseConfigurationReference = 58C13C3BEBBFFDBD26AB7550 /* Pods-MyGithubTests.debug.xcconfig */;
			buildSettings = {
				ALWAYS_EMBED_SWIFT_STANDARD_LIBRARIES = YES;
				BUNDLE_LOADER = "$(TEST_HOST)";
				CODE_SIGN_STYLE = Automatic;
				DEVELOPMENT_TEAM = XQJ6Y5LCMF;
				INFOPLIST_FILE = MyGithubTests/Info.plist;
				LD_RUNPATH_SEARCH_PATHS = "$(inherited) @executable_path/Frameworks @loader_path/Frameworks";
				PRODUCT_BUNDLE_IDENTIFIER = ocean.com.MyGithubTests;
				PRODUCT_NAME = "$(TARGET_NAME)";
				SWIFT_VERSION = 4.0;
				TARGETED_DEVICE_FAMILY = "1,2";
				TEST_HOST = "$(BUILT_PRODUCTS_DIR)/MyGithub.app/MyGithub";
			};
			name = Debug;
		};
		2FC62E801F8C521300BA2D0D /* Release */ = {
			isa = XCBuildConfiguration;
			baseConfigurationReference = 188015D336DDD34A65D8CA46 /* Pods-MyGithubTests.release.xcconfig */;
			buildSettings = {
				ALWAYS_EMBED_SWIFT_STANDARD_LIBRARIES = YES;
				BUNDLE_LOADER = "$(TEST_HOST)";
				CODE_SIGN_STYLE = Automatic;
				DEVELOPMENT_TEAM = XQJ6Y5LCMF;
				INFOPLIST_FILE = MyGithubTests/Info.plist;
				LD_RUNPATH_SEARCH_PATHS = "$(inherited) @executable_path/Frameworks @loader_path/Frameworks";
				PRODUCT_BUNDLE_IDENTIFIER = ocean.com.MyGithubTests;
				PRODUCT_NAME = "$(TARGET_NAME)";
				SWIFT_VERSION = 4.0;
				TARGETED_DEVICE_FAMILY = "1,2";
				TEST_HOST = "$(BUILT_PRODUCTS_DIR)/MyGithub.app/MyGithub";
			};
			name = Release;
		};
		2FC62E821F8C521300BA2D0D /* Debug */ = {
			isa = XCBuildConfiguration;
			baseConfigurationReference = 50015D901A8926A056010DD2 /* Pods-MyGithubUITests.debug.xcconfig */;
			buildSettings = {
				ALWAYS_EMBED_SWIFT_STANDARD_LIBRARIES = YES;
				CODE_SIGN_STYLE = Automatic;
				DEVELOPMENT_TEAM = XQJ6Y5LCMF;
				INFOPLIST_FILE = MyGithubUITests/Info.plist;
				LD_RUNPATH_SEARCH_PATHS = "$(inherited) @executable_path/Frameworks @loader_path/Frameworks";
				PRODUCT_BUNDLE_IDENTIFIER = ocean.com.MyGithubUITests;
				PRODUCT_NAME = "$(TARGET_NAME)";
				SWIFT_VERSION = 4.0;
				TARGETED_DEVICE_FAMILY = "1,2";
				TEST_TARGET_NAME = MyGithub;
			};
			name = Debug;
		};
		2FC62E831F8C521300BA2D0D /* Release */ = {
			isa = XCBuildConfiguration;
			baseConfigurationReference = CEE30220A1408B66E42ECCEE /* Pods-MyGithubUITests.release.xcconfig */;
			buildSettings = {
				ALWAYS_EMBED_SWIFT_STANDARD_LIBRARIES = YES;
				CODE_SIGN_STYLE = Automatic;
				DEVELOPMENT_TEAM = XQJ6Y5LCMF;
				INFOPLIST_FILE = MyGithubUITests/Info.plist;
				LD_RUNPATH_SEARCH_PATHS = "$(inherited) @executable_path/Frameworks @loader_path/Frameworks";
				PRODUCT_BUNDLE_IDENTIFIER = ocean.com.MyGithubUITests;
				PRODUCT_NAME = "$(TARGET_NAME)";
				SWIFT_VERSION = 4.0;
				TARGETED_DEVICE_FAMILY = "1,2";
				TEST_TARGET_NAME = MyGithub;
			};
			name = Release;
		};
/* End XCBuildConfiguration section */

/* Begin XCConfigurationList section */
		2FC62E4E1F8C521300BA2D0D /* Build configuration list for PBXProject "MyGithub" */ = {
			isa = XCConfigurationList;
			buildConfigurations = (
				2FC62E791F8C521300BA2D0D /* Debug */,
				2FC62E7A1F8C521300BA2D0D /* Release */,
			);
			defaultConfigurationIsVisible = 0;
			defaultConfigurationName = Release;
		};
		2FC62E7B1F8C521300BA2D0D /* Build configuration list for PBXNativeTarget "MyGithub" */ = {
			isa = XCConfigurationList;
			buildConfigurations = (
				2FC62E7C1F8C521300BA2D0D /* Debug */,
				2FC62E7D1F8C521300BA2D0D /* Release */,
			);
			defaultConfigurationIsVisible = 0;
			defaultConfigurationName = Release;
		};
		2FC62E7E1F8C521300BA2D0D /* Build configuration list for PBXNativeTarget "MyGithubTests" */ = {
			isa = XCConfigurationList;
			buildConfigurations = (
				2FC62E7F1F8C521300BA2D0D /* Debug */,
				2FC62E801F8C521300BA2D0D /* Release */,
			);
			defaultConfigurationIsVisible = 0;
			defaultConfigurationName = Release;
		};
		2FC62E811F8C521300BA2D0D /* Build configuration list for PBXNativeTarget "MyGithubUITests" */ = {
			isa = XCConfigurationList;
			buildConfigurations = (
				2FC62E821F8C521300BA2D0D /* Debug */,
				2FC62E831F8C521300BA2D0D /* Release */,
			);
			defaultConfigurationIsVisible = 0;
			defaultConfigurationName = Release;
		};
/* End XCConfigurationList section */
	};
	rootObject = 2FC62E4B1F8C521300BA2D0D /* Project object */;
}
